// !$*UTF8*$!
{
	archiveVersion = 1;
	classes = {
	};
	objectVersion = 56;
	objects = {

/* Begin PBXBuildFile section */
		C0B26AFD2B09E47A00F3633F /* CURaiseApp.swift in Sources */ = {isa = PBXBuildFile; fileRef = C0B26AFC2B09E47A00F3633F /* CURaiseApp.swift */; };
		C0B26B012B09E47A00F3633F /* Assets.xcassets in Resources */ = {isa = PBXBuildFile; fileRef = C0B26B002B09E47A00F3633F /* Assets.xcassets */; };
		C0B26B042B09E47A00F3633F /* Preview Assets.xcassets in Resources */ = {isa = PBXBuildFile; fileRef = C0B26B032B09E47A00F3633F /* Preview Assets.xcassets */; };
		C0B26B0B2B09E88D00F3633F /* AuthenticationManager.swift in Sources */ = {isa = PBXBuildFile; fileRef = C0B26B0A2B09E88D00F3633F /* AuthenticationManager.swift */; };
		C0B26B102B09EA8900F3633F /* FirebaseAnalytics in Frameworks */ = {isa = PBXBuildFile; productRef = C0B26B0F2B09EA8900F3633F /* FirebaseAnalytics */; };
		C0B26B122B09EA8900F3633F /* FirebaseAnalyticsOnDeviceConversion in Frameworks */ = {isa = PBXBuildFile; productRef = C0B26B112B09EA8900F3633F /* FirebaseAnalyticsOnDeviceConversion */; };
		C0B26B142B09EA8900F3633F /* FirebaseAnalyticsSwift in Frameworks */ = {isa = PBXBuildFile; productRef = C0B26B132B09EA8900F3633F /* FirebaseAnalyticsSwift */; };
		C0B26B162B09EA8900F3633F /* FirebaseAnalyticsWithoutAdIdSupport in Frameworks */ = {isa = PBXBuildFile; productRef = C0B26B152B09EA8900F3633F /* FirebaseAnalyticsWithoutAdIdSupport */; };
		C0B26B182B09EA8900F3633F /* FirebaseAppCheck in Frameworks */ = {isa = PBXBuildFile; productRef = C0B26B172B09EA8900F3633F /* FirebaseAppCheck */; };
		C0B26B1A2B09EA8900F3633F /* FirebaseAppDistribution-Beta in Frameworks */ = {isa = PBXBuildFile; productRef = C0B26B192B09EA8900F3633F /* FirebaseAppDistribution-Beta */; };
		C0B26B1C2B09EA8900F3633F /* FirebaseAuth in Frameworks */ = {isa = PBXBuildFile; productRef = C0B26B1B2B09EA8900F3633F /* FirebaseAuth */; };
		C0B26B1E2B09EA8900F3633F /* FirebaseAuthCombine-Community in Frameworks */ = {isa = PBXBuildFile; productRef = C0B26B1D2B09EA8900F3633F /* FirebaseAuthCombine-Community */; };
		C0B26B202B09EA8900F3633F /* FirebaseCrashlytics in Frameworks */ = {isa = PBXBuildFile; productRef = C0B26B1F2B09EA8900F3633F /* FirebaseCrashlytics */; };
		C0B26B222B09EA8900F3633F /* FirebaseDatabase in Frameworks */ = {isa = PBXBuildFile; productRef = C0B26B212B09EA8900F3633F /* FirebaseDatabase */; };
		C0B26B242B09EA8900F3633F /* FirebaseDatabaseSwift in Frameworks */ = {isa = PBXBuildFile; productRef = C0B26B232B09EA8900F3633F /* FirebaseDatabaseSwift */; };
		C0B26B262B09EA8900F3633F /* FirebaseFirestore in Frameworks */ = {isa = PBXBuildFile; productRef = C0B26B252B09EA8900F3633F /* FirebaseFirestore */; };
		C0B26B282B09EA8900F3633F /* FirebaseFirestoreCombine-Community in Frameworks */ = {isa = PBXBuildFile; productRef = C0B26B272B09EA8900F3633F /* FirebaseFirestoreCombine-Community */; };
		C0B26B2A2B09EA8900F3633F /* FirebaseFirestoreSwift in Frameworks */ = {isa = PBXBuildFile; productRef = C0B26B292B09EA8900F3633F /* FirebaseFirestoreSwift */; };
		C0B26B2C2B09EA8900F3633F /* FirebaseFunctions in Frameworks */ = {isa = PBXBuildFile; productRef = C0B26B2B2B09EA8900F3633F /* FirebaseFunctions */; };
		C0B26B2E2B09EA8900F3633F /* FirebaseFunctionsCombine-Community in Frameworks */ = {isa = PBXBuildFile; productRef = C0B26B2D2B09EA8900F3633F /* FirebaseFunctionsCombine-Community */; };
		C0B26B302B09EA8900F3633F /* FirebaseInAppMessaging-Beta in Frameworks */ = {isa = PBXBuildFile; productRef = C0B26B2F2B09EA8900F3633F /* FirebaseInAppMessaging-Beta */; };
		C0B26B322B09EA8900F3633F /* FirebaseInAppMessagingSwift-Beta in Frameworks */ = {isa = PBXBuildFile; productRef = C0B26B312B09EA8900F3633F /* FirebaseInAppMessagingSwift-Beta */; };
		C0B26B342B09EA8900F3633F /* FirebaseInstallations in Frameworks */ = {isa = PBXBuildFile; productRef = C0B26B332B09EA8900F3633F /* FirebaseInstallations */; };
		C0B26B362B09EA8900F3633F /* FirebaseMLModelDownloader in Frameworks */ = {isa = PBXBuildFile; productRef = C0B26B352B09EA8900F3633F /* FirebaseMLModelDownloader */; };
		C0B26B382B09EA8900F3633F /* FirebaseMessaging in Frameworks */ = {isa = PBXBuildFile; productRef = C0B26B372B09EA8900F3633F /* FirebaseMessaging */; };
		C0B26B3A2B09EA8900F3633F /* FirebasePerformance in Frameworks */ = {isa = PBXBuildFile; productRef = C0B26B392B09EA8900F3633F /* FirebasePerformance */; };
		C0B26B3C2B09EA8900F3633F /* FirebaseRemoteConfig in Frameworks */ = {isa = PBXBuildFile; productRef = C0B26B3B2B09EA8900F3633F /* FirebaseRemoteConfig */; };
		C0B26B3E2B09EA8900F3633F /* FirebaseRemoteConfigSwift in Frameworks */ = {isa = PBXBuildFile; productRef = C0B26B3D2B09EA8900F3633F /* FirebaseRemoteConfigSwift */; };
		C0B26B402B09EA8900F3633F /* FirebaseStorage in Frameworks */ = {isa = PBXBuildFile; productRef = C0B26B3F2B09EA8900F3633F /* FirebaseStorage */; };
		C0B26B422B09EA8900F3633F /* FirebaseStorageCombine-Community in Frameworks */ = {isa = PBXBuildFile; productRef = C0B26B412B09EA8900F3633F /* FirebaseStorageCombine-Community */; };
		C0B26B452B09EAC700F3633F /* Alamofire in Frameworks */ = {isa = PBXBuildFile; productRef = C0B26B442B09EAC700F3633F /* Alamofire */; };
		C0B26B472B09F90600F3633F /* RouterView.swift in Sources */ = {isa = PBXBuildFile; fileRef = C0B26B462B09F90600F3633F /* RouterView.swift */; };
		C0B26B4A2B09F95A00F3633F /* CustomTabBarView.swift in Sources */ = {isa = PBXBuildFile; fileRef = C0B26B492B09F95A00F3633F /* CustomTabBarView.swift */; };
		C0B26B4C2B09F97200F3633F /* TabBarItem.swift in Sources */ = {isa = PBXBuildFile; fileRef = C0B26B4B2B09F97200F3633F /* TabBarItem.swift */; };
		C0B26B4E2B09F99A00F3633F /* CustomTabBarContainerView.swift in Sources */ = {isa = PBXBuildFile; fileRef = C0B26B4D2B09F99A00F3633F /* CustomTabBarContainerView.swift */; };
		C0B26B502B09F9A800F3633F /* TabBarItemsPreferenceKey.swift in Sources */ = {isa = PBXBuildFile; fileRef = C0B26B4F2B09F9A800F3633F /* TabBarItemsPreferenceKey.swift */; };
		C0B26B522B09FAD100F3633F /* ExploreFundraisersView.swift in Sources */ = {isa = PBXBuildFile; fileRef = C0B26B512B09FAD100F3633F /* ExploreFundraisersView.swift */; };
		C0B26B572B09FAF900F3633F /* ExploreFundraisersViewModel.swift in Sources */ = {isa = PBXBuildFile; fileRef = C0B26B562B09FAF900F3633F /* ExploreFundraisersViewModel.swift */; };
		C0C247A82B1C2B09006BB3A8 /* Club.swift in Sources */ = {isa = PBXBuildFile; fileRef = C0C247A72B1C2B09006BB3A8 /* Club.swift */; };
		C0C247AA2B1C2B1F006BB3A8 /* Student.swift in Sources */ = {isa = PBXBuildFile; fileRef = C0C247A92B1C2B1F006BB3A8 /* Student.swift */; };
		C0C247AC2B1C2B85006BB3A8 /* Transaction.swift in Sources */ = {isa = PBXBuildFile; fileRef = C0C247AB2B1C2B85006BB3A8 /* Transaction.swift */; };
		C0C247B12B1C457B006BB3A8 /* CreateTransactionView.swift in Sources */ = {isa = PBXBuildFile; fileRef = C0C247B02B1C457B006BB3A8 /* CreateTransactionView.swift */; };
		C0C247B32B1C4586006BB3A8 /* CreateTransactionViewModel.swift in Sources */ = {isa = PBXBuildFile; fileRef = C0C247B22B1C4586006BB3A8 /* CreateTransactionViewModel.swift */; };
		C0C247B52B1C5F45006BB3A8 /* SelectItemCardView.swift in Sources */ = {isa = PBXBuildFile; fileRef = C0C247B42B1C5F45006BB3A8 /* SelectItemCardView.swift */; };
		C0D11DA62B09FCBB007A4D2E /* Fundraiser.swift in Sources */ = {isa = PBXBuildFile; fileRef = C0D11DA52B09FCBB007A4D2E /* Fundraiser.swift */; };
		C0D11DA92B09FEAB007A4D2E /* FundraiserCardView.swift in Sources */ = {isa = PBXBuildFile; fileRef = C0D11DA82B09FEAB007A4D2E /* FundraiserCardView.swift */; };
		C0D11DAE2B0A072B007A4D2E /* FundraiserView.swift in Sources */ = {isa = PBXBuildFile; fileRef = C0D11DAD2B0A072B007A4D2E /* FundraiserView.swift */; };
		C0D11DB02B0A0733007A4D2E /* FundraiserViewModel.swift in Sources */ = {isa = PBXBuildFile; fileRef = C0D11DAF2B0A0733007A4D2E /* FundraiserViewModel.swift */; };
		C0D11DB22B0A0C3D007A4D2E /* ItemCardView.swift in Sources */ = {isa = PBXBuildFile; fileRef = C0D11DB12B0A0C3D007A4D2E /* ItemCardView.swift */; };
/* End PBXBuildFile section */

/* Begin PBXFileReference section */
		C0B26AF92B09E47A00F3633F /* CURaise.app */ = {isa = PBXFileReference; explicitFileType = wrapper.application; includeInIndex = 0; path = CURaise.app; sourceTree = BUILT_PRODUCTS_DIR; };
		C0B26AFC2B09E47A00F3633F /* CURaiseApp.swift */ = {isa = PBXFileReference; lastKnownFileType = sourcecode.swift; path = CURaiseApp.swift; sourceTree = "<group>"; };
		C0B26B002B09E47A00F3633F /* Assets.xcassets */ = {isa = PBXFileReference; lastKnownFileType = folder.assetcatalog; path = Assets.xcassets; sourceTree = "<group>"; };
		C0B26B032B09E47A00F3633F /* Preview Assets.xcassets */ = {isa = PBXFileReference; lastKnownFileType = folder.assetcatalog; path = "Preview Assets.xcassets"; sourceTree = "<group>"; };
		C0B26B0A2B09E88D00F3633F /* AuthenticationManager.swift */ = {isa = PBXFileReference; lastKnownFileType = sourcecode.swift; path = AuthenticationManager.swift; sourceTree = "<group>"; };
		C0B26B462B09F90600F3633F /* RouterView.swift */ = {isa = PBXFileReference; lastKnownFileType = sourcecode.swift; path = RouterView.swift; sourceTree = "<group>"; };
		C0B26B492B09F95A00F3633F /* CustomTabBarView.swift */ = {isa = PBXFileReference; lastKnownFileType = sourcecode.swift; path = CustomTabBarView.swift; sourceTree = "<group>"; };
		C0B26B4B2B09F97200F3633F /* TabBarItem.swift */ = {isa = PBXFileReference; lastKnownFileType = sourcecode.swift; path = TabBarItem.swift; sourceTree = "<group>"; };
		C0B26B4D2B09F99A00F3633F /* CustomTabBarContainerView.swift */ = {isa = PBXFileReference; lastKnownFileType = sourcecode.swift; path = CustomTabBarContainerView.swift; sourceTree = "<group>"; };
		C0B26B4F2B09F9A800F3633F /* TabBarItemsPreferenceKey.swift */ = {isa = PBXFileReference; lastKnownFileType = sourcecode.swift; path = TabBarItemsPreferenceKey.swift; sourceTree = "<group>"; };
		C0B26B512B09FAD100F3633F /* ExploreFundraisersView.swift */ = {isa = PBXFileReference; lastKnownFileType = sourcecode.swift; path = ExploreFundraisersView.swift; sourceTree = "<group>"; };
		C0B26B562B09FAF900F3633F /* ExploreFundraisersViewModel.swift */ = {isa = PBXFileReference; lastKnownFileType = sourcecode.swift; path = ExploreFundraisersViewModel.swift; sourceTree = "<group>"; };
		C0C247A72B1C2B09006BB3A8 /* Club.swift */ = {isa = PBXFileReference; lastKnownFileType = sourcecode.swift; path = Club.swift; sourceTree = "<group>"; };
		C0C247A92B1C2B1F006BB3A8 /* Student.swift */ = {isa = PBXFileReference; lastKnownFileType = sourcecode.swift; path = Student.swift; sourceTree = "<group>"; };
		C0C247AB2B1C2B85006BB3A8 /* Transaction.swift */ = {isa = PBXFileReference; lastKnownFileType = sourcecode.swift; path = Transaction.swift; sourceTree = "<group>"; };
		C0C247B02B1C457B006BB3A8 /* CreateTransactionView.swift */ = {isa = PBXFileReference; lastKnownFileType = sourcecode.swift; path = CreateTransactionView.swift; sourceTree = "<group>"; };
		C0C247B22B1C4586006BB3A8 /* CreateTransactionViewModel.swift */ = {isa = PBXFileReference; lastKnownFileType = sourcecode.swift; path = CreateTransactionViewModel.swift; sourceTree = "<group>"; };
		C0C247B42B1C5F45006BB3A8 /* SelectItemCardView.swift */ = {isa = PBXFileReference; lastKnownFileType = sourcecode.swift; path = SelectItemCardView.swift; sourceTree = "<group>"; };
		C0D11DA52B09FCBB007A4D2E /* Fundraiser.swift */ = {isa = PBXFileReference; lastKnownFileType = sourcecode.swift; path = Fundraiser.swift; sourceTree = "<group>"; };
		C0D11DA82B09FEAB007A4D2E /* FundraiserCardView.swift */ = {isa = PBXFileReference; lastKnownFileType = sourcecode.swift; path = FundraiserCardView.swift; sourceTree = "<group>"; };
		C0D11DAD2B0A072B007A4D2E /* FundraiserView.swift */ = {isa = PBXFileReference; lastKnownFileType = sourcecode.swift; path = FundraiserView.swift; sourceTree = "<group>"; };
		C0D11DAF2B0A0733007A4D2E /* FundraiserViewModel.swift */ = {isa = PBXFileReference; lastKnownFileType = sourcecode.swift; path = FundraiserViewModel.swift; sourceTree = "<group>"; };
		C0D11DB12B0A0C3D007A4D2E /* ItemCardView.swift */ = {isa = PBXFileReference; lastKnownFileType = sourcecode.swift; path = ItemCardView.swift; sourceTree = "<group>"; };
/* End PBXFileReference section */

/* Begin PBXFrameworksBuildPhase section */
		C0B26AF62B09E47A00F3633F /* Frameworks */ = {
			isa = PBXFrameworksBuildPhase;
			buildActionMask = 2147483647;
			files = (
				C0B26B3A2B09EA8900F3633F /* FirebasePerformance in Frameworks */,
				C0B26B282B09EA8900F3633F /* FirebaseFirestoreCombine-Community in Frameworks */,
				C0B26B222B09EA8900F3633F /* FirebaseDatabase in Frameworks */,
				C0B26B402B09EA8900F3633F /* FirebaseStorage in Frameworks */,
				C0B26B142B09EA8900F3633F /* FirebaseAnalyticsSwift in Frameworks */,
				C0B26B2A2B09EA8900F3633F /* FirebaseFirestoreSwift in Frameworks */,
				C0B26B102B09EA8900F3633F /* FirebaseAnalytics in Frameworks */,
				C0B26B302B09EA8900F3633F /* FirebaseInAppMessaging-Beta in Frameworks */,
				C0B26B122B09EA8900F3633F /* FirebaseAnalyticsOnDeviceConversion in Frameworks */,
				C0B26B452B09EAC700F3633F /* Alamofire in Frameworks */,
				C0B26B362B09EA8900F3633F /* FirebaseMLModelDownloader in Frameworks */,
				C0B26B3E2B09EA8900F3633F /* FirebaseRemoteConfigSwift in Frameworks */,
				C0B26B182B09EA8900F3633F /* FirebaseAppCheck in Frameworks */,
				C0B26B382B09EA8900F3633F /* FirebaseMessaging in Frameworks */,
				C0B26B342B09EA8900F3633F /* FirebaseInstallations in Frameworks */,
				C0B26B2E2B09EA8900F3633F /* FirebaseFunctionsCombine-Community in Frameworks */,
				C0B26B262B09EA8900F3633F /* FirebaseFirestore in Frameworks */,
				C0B26B422B09EA8900F3633F /* FirebaseStorageCombine-Community in Frameworks */,
				C0B26B162B09EA8900F3633F /* FirebaseAnalyticsWithoutAdIdSupport in Frameworks */,
				C0B26B1C2B09EA8900F3633F /* FirebaseAuth in Frameworks */,
				C0B26B202B09EA8900F3633F /* FirebaseCrashlytics in Frameworks */,
				C0B26B242B09EA8900F3633F /* FirebaseDatabaseSwift in Frameworks */,
				C0B26B3C2B09EA8900F3633F /* FirebaseRemoteConfig in Frameworks */,
				C0B26B2C2B09EA8900F3633F /* FirebaseFunctions in Frameworks */,
				C0B26B1A2B09EA8900F3633F /* FirebaseAppDistribution-Beta in Frameworks */,
				C0B26B322B09EA8900F3633F /* FirebaseInAppMessagingSwift-Beta in Frameworks */,
				C0B26B1E2B09EA8900F3633F /* FirebaseAuthCombine-Community in Frameworks */,
			);
			runOnlyForDeploymentPostprocessing = 0;
		};
/* End PBXFrameworksBuildPhase section */

/* Begin PBXGroup section */
		C0B26AF02B09E47A00F3633F = {
			isa = PBXGroup;
			children = (
				C0B26AFB2B09E47A00F3633F /* CURaise */,
				C0B26AFA2B09E47A00F3633F /* Products */,
			);
			sourceTree = "<group>";
		};
		C0B26AFA2B09E47A00F3633F /* Products */ = {
			isa = PBXGroup;
			children = (
				C0B26AF92B09E47A00F3633F /* CURaise.app */,
			);
			name = Products;
			sourceTree = "<group>";
		};
		C0B26AFB2B09E47A00F3633F /* CURaise */ = {
			isa = PBXGroup;
			children = (
				C0D11DA72B09FE9C007A4D2E /* Components */,
				C0D11DAA2B09FEB3007A4D2E /* Fundraiser */,
				C0C247AD2B1C4541006BB3A8 /* Transaction */,
				C0B26B482B09F92B00F3633F /* CustomTabBar */,
				C0B26B0D2B09E8DD00F3633F /* Models */,
				C0B26B0C2B09E8D400F3633F /* Services */,
				C0B26AFC2B09E47A00F3633F /* CURaiseApp.swift */,
				C0B26B462B09F90600F3633F /* RouterView.swift */,
				C0B26B002B09E47A00F3633F /* Assets.xcassets */,
				C0B26B022B09E47A00F3633F /* Preview Content */,
			);
			path = CURaise;
			sourceTree = "<group>";
		};
		C0B26B022B09E47A00F3633F /* Preview Content */ = {
			isa = PBXGroup;
			children = (
				C0B26B032B09E47A00F3633F /* Preview Assets.xcassets */,
			);
			path = "Preview Content";
			sourceTree = "<group>";
		};
		C0B26B0C2B09E8D400F3633F /* Services */ = {
			isa = PBXGroup;
			children = (
				C0B26B0A2B09E88D00F3633F /* AuthenticationManager.swift */,
			);
			path = Services;
			sourceTree = "<group>";
		};
		C0B26B0D2B09E8DD00F3633F /* Models */ = {
			isa = PBXGroup;
			children = (
				C0D11DA52B09FCBB007A4D2E /* Fundraiser.swift */,
				C0C247A72B1C2B09006BB3A8 /* Club.swift */,
				C0C247A92B1C2B1F006BB3A8 /* Student.swift */,
				C0C247AB2B1C2B85006BB3A8 /* Transaction.swift */,
			);
			path = Models;
			sourceTree = "<group>";
		};
		C0B26B482B09F92B00F3633F /* CustomTabBar */ = {
			isa = PBXGroup;
			children = (
				C0B26B492B09F95A00F3633F /* CustomTabBarView.swift */,
				C0B26B4B2B09F97200F3633F /* TabBarItem.swift */,
				C0B26B4D2B09F99A00F3633F /* CustomTabBarContainerView.swift */,
				C0B26B4F2B09F9A800F3633F /* TabBarItemsPreferenceKey.swift */,
			);
			path = CustomTabBar;
			sourceTree = "<group>";
		};
		C0C247AD2B1C4541006BB3A8 /* Transaction */ = {
			isa = PBXGroup;
			children = (
				C0C247AE2B1C455B006BB3A8 /* Views */,
				C0C247AF2B1C4565006BB3A8 /* ViewModels */,
			);
			path = Transaction;
			sourceTree = "<group>";
		};
		C0C247AE2B1C455B006BB3A8 /* Views */ = {
			isa = PBXGroup;
			children = (
				C0C247B02B1C457B006BB3A8 /* CreateTransactionView.swift */,
			);
			path = Views;
			sourceTree = "<group>";
		};
		C0C247AF2B1C4565006BB3A8 /* ViewModels */ = {
			isa = PBXGroup;
			children = (
				C0C247B22B1C4586006BB3A8 /* CreateTransactionViewModel.swift */,
			);
			path = ViewModels;
			sourceTree = "<group>";
		};
		C0D11DA72B09FE9C007A4D2E /* Components */ = {
			isa = PBXGroup;
			children = (
				C0D11DA82B09FEAB007A4D2E /* FundraiserCardView.swift */,
				C0D11DB12B0A0C3D007A4D2E /* ItemCardView.swift */,
				C0C247B42B1C5F45006BB3A8 /* SelectItemCardView.swift */,
			);
			path = Components;
			sourceTree = "<group>";
		};
		C0D11DAA2B09FEB3007A4D2E /* Fundraiser */ = {
			isa = PBXGroup;
			children = (
				C0D11DAB2B0A065B007A4D2E /* Views */,
				C0D11DAC2B0A0669007A4D2E /* ViewModels */,
			);
			path = Fundraiser;
			sourceTree = "<group>";
		};
		C0D11DAB2B0A065B007A4D2E /* Views */ = {
			isa = PBXGroup;
			children = (
				C0B26B512B09FAD100F3633F /* ExploreFundraisersView.swift */,
				C0D11DAD2B0A072B007A4D2E /* FundraiserView.swift */,
			);
			path = Views;
			sourceTree = "<group>";
		};
		C0D11DAC2B0A0669007A4D2E /* ViewModels */ = {
			isa = PBXGroup;
			children = (
				C0D11DAF2B0A0733007A4D2E /* FundraiserViewModel.swift */,
				C0B26B562B09FAF900F3633F /* ExploreFundraisersViewModel.swift */,
			);
			path = ViewModels;
			sourceTree = "<group>";
		};
/* End PBXGroup section */

/* Begin PBXNativeTarget section */
		C0B26AF82B09E47A00F3633F /* CURaise */ = {
			isa = PBXNativeTarget;
			buildConfigurationList = C0B26B072B09E47A00F3633F /* Build configuration list for PBXNativeTarget "CURaise" */;
			buildPhases = (
				C0B26AF52B09E47A00F3633F /* Sources */,
				C0B26AF62B09E47A00F3633F /* Frameworks */,
				C0B26AF72B09E47A00F3633F /* Resources */,
			);
			buildRules = (
			);
			dependencies = (
			);
			name = CURaise;
			packageProductDependencies = (
				C0B26B0F2B09EA8900F3633F /* FirebaseAnalytics */,
				C0B26B112B09EA8900F3633F /* FirebaseAnalyticsOnDeviceConversion */,
				C0B26B132B09EA8900F3633F /* FirebaseAnalyticsSwift */,
				C0B26B152B09EA8900F3633F /* FirebaseAnalyticsWithoutAdIdSupport */,
				C0B26B172B09EA8900F3633F /* FirebaseAppCheck */,
				C0B26B192B09EA8900F3633F /* FirebaseAppDistribution-Beta */,
				C0B26B1B2B09EA8900F3633F /* FirebaseAuth */,
				C0B26B1D2B09EA8900F3633F /* FirebaseAuthCombine-Community */,
				C0B26B1F2B09EA8900F3633F /* FirebaseCrashlytics */,
				C0B26B212B09EA8900F3633F /* FirebaseDatabase */,
				C0B26B232B09EA8900F3633F /* FirebaseDatabaseSwift */,
				C0B26B252B09EA8900F3633F /* FirebaseFirestore */,
				C0B26B272B09EA8900F3633F /* FirebaseFirestoreCombine-Community */,
				C0B26B292B09EA8900F3633F /* FirebaseFirestoreSwift */,
				C0B26B2B2B09EA8900F3633F /* FirebaseFunctions */,
				C0B26B2D2B09EA8900F3633F /* FirebaseFunctionsCombine-Community */,
				C0B26B2F2B09EA8900F3633F /* FirebaseInAppMessaging-Beta */,
				C0B26B312B09EA8900F3633F /* FirebaseInAppMessagingSwift-Beta */,
				C0B26B332B09EA8900F3633F /* FirebaseInstallations */,
				C0B26B352B09EA8900F3633F /* FirebaseMLModelDownloader */,
				C0B26B372B09EA8900F3633F /* FirebaseMessaging */,
				C0B26B392B09EA8900F3633F /* FirebasePerformance */,
				C0B26B3B2B09EA8900F3633F /* FirebaseRemoteConfig */,
				C0B26B3D2B09EA8900F3633F /* FirebaseRemoteConfigSwift */,
				C0B26B3F2B09EA8900F3633F /* FirebaseStorage */,
				C0B26B412B09EA8900F3633F /* FirebaseStorageCombine-Community */,
				C0B26B442B09EAC700F3633F /* Alamofire */,
			);
			productName = CURaise;
			productReference = C0B26AF92B09E47A00F3633F /* CURaise.app */;
			productType = "com.apple.product-type.application";
		};
/* End PBXNativeTarget section */

/* Begin PBXProject section */
		C0B26AF12B09E47A00F3633F /* Project object */ = {
			isa = PBXProject;
			attributes = {
				BuildIndependentTargetsInParallel = 1;
				LastSwiftUpdateCheck = 1500;
				LastUpgradeCheck = 1500;
				TargetAttributes = {
					C0B26AF82B09E47A00F3633F = {
						CreatedOnToolsVersion = 15.0.1;
					};
				};
			};
			buildConfigurationList = C0B26AF42B09E47A00F3633F /* Build configuration list for PBXProject "CURaise" */;
			compatibilityVersion = "Xcode 14.0";
			developmentRegion = en;
			hasScannedForEncodings = 0;
			knownRegions = (
				en,
				Base,
			);
			mainGroup = C0B26AF02B09E47A00F3633F;
			packageReferences = (
				C0B26B0E2B09EA8900F3633F /* XCRemoteSwiftPackageReference "firebase-ios-sdk" */,
				C0B26B432B09EAC700F3633F /* XCRemoteSwiftPackageReference "Alamofire" */,
			);
			productRefGroup = C0B26AFA2B09E47A00F3633F /* Products */;
			projectDirPath = "";
			projectRoot = "";
			targets = (
				C0B26AF82B09E47A00F3633F /* CURaise */,
			);
		};
/* End PBXProject section */

/* Begin PBXResourcesBuildPhase section */
		C0B26AF72B09E47A00F3633F /* Resources */ = {
			isa = PBXResourcesBuildPhase;
			buildActionMask = 2147483647;
			files = (
				C0B26B042B09E47A00F3633F /* Preview Assets.xcassets in Resources */,
				C0B26B012B09E47A00F3633F /* Assets.xcassets in Resources */,
			);
			runOnlyForDeploymentPostprocessing = 0;
		};
/* End PBXResourcesBuildPhase section */

/* Begin PBXSourcesBuildPhase section */
		C0B26AF52B09E47A00F3633F /* Sources */ = {
			isa = PBXSourcesBuildPhase;
			buildActionMask = 2147483647;
			files = (
				C0D11DB02B0A0733007A4D2E /* FundraiserViewModel.swift in Sources */,
				C0C247B12B1C457B006BB3A8 /* CreateTransactionView.swift in Sources */,
				C0B26B4C2B09F97200F3633F /* TabBarItem.swift in Sources */,
				C0D11DAE2B0A072B007A4D2E /* FundraiserView.swift in Sources */,
				C0B26B522B09FAD100F3633F /* ExploreFundraisersView.swift in Sources */,
				C0B26B572B09FAF900F3633F /* ExploreFundraisersViewModel.swift in Sources */,
				C0C247AA2B1C2B1F006BB3A8 /* Student.swift in Sources */,
				C0C247B52B1C5F45006BB3A8 /* SelectItemCardView.swift in Sources */,
				C0C247AC2B1C2B85006BB3A8 /* Transaction.swift in Sources */,
				C0C247B32B1C4586006BB3A8 /* CreateTransactionViewModel.swift in Sources */,
				C0D11DB22B0A0C3D007A4D2E /* ItemCardView.swift in Sources */,
				C0B26B0B2B09E88D00F3633F /* AuthenticationManager.swift in Sources */,
				C0B26B4A2B09F95A00F3633F /* CustomTabBarView.swift in Sources */,
				C0B26AFD2B09E47A00F3633F /* CURaiseApp.swift in Sources */,
				C0D11DA92B09FEAB007A4D2E /* FundraiserCardView.swift in Sources */,
				C0C247A82B1C2B09006BB3A8 /* Club.swift in Sources */,
				C0D11DA62B09FCBB007A4D2E /* Fundraiser.swift in Sources */,
				C0B26B472B09F90600F3633F /* RouterView.swift in Sources */,
				C0B26B4E2B09F99A00F3633F /* CustomTabBarContainerView.swift in Sources */,
				C0B26B502B09F9A800F3633F /* TabBarItemsPreferenceKey.swift in Sources */,
			);
			runOnlyForDeploymentPostprocessing = 0;
		};
/* End PBXSourcesBuildPhase section */

/* Begin XCBuildConfiguration section */
		C0B26B052B09E47A00F3633F /* Debug */ = {
			isa = XCBuildConfiguration;
			buildSettings = {
				ALWAYS_SEARCH_USER_PATHS = NO;
				ASSETCATALOG_COMPILER_GENERATE_SWIFT_ASSET_SYMBOL_EXTENSIONS = YES;
				CLANG_ANALYZER_NONNULL = YES;
				CLANG_ANALYZER_NUMBER_OBJECT_CONVERSION = YES_AGGRESSIVE;
				CLANG_CXX_LANGUAGE_STANDARD = "gnu++20";
				CLANG_ENABLE_MODULES = YES;
				CLANG_ENABLE_OBJC_ARC = YES;
				CLANG_ENABLE_OBJC_WEAK = YES;
				CLANG_WARN_BLOCK_CAPTURE_AUTORELEASING = YES;
				CLANG_WARN_BOOL_CONVERSION = YES;
				CLANG_WARN_COMMA = YES;
				CLANG_WARN_CONSTANT_CONVERSION = YES;
				CLANG_WARN_DEPRECATED_OBJC_IMPLEMENTATIONS = YES;
				CLANG_WARN_DIRECT_OBJC_ISA_USAGE = YES_ERROR;
				CLANG_WARN_DOCUMENTATION_COMMENTS = YES;
				CLANG_WARN_EMPTY_BODY = YES;
				CLANG_WARN_ENUM_CONVERSION = YES;
				CLANG_WARN_INFINITE_RECURSION = YES;
				CLANG_WARN_INT_CONVERSION = YES;
				CLANG_WARN_NON_LITERAL_NULL_CONVERSION = YES;
				CLANG_WARN_OBJC_IMPLICIT_RETAIN_SELF = YES;
				CLANG_WARN_OBJC_LITERAL_CONVERSION = YES;
				CLANG_WARN_OBJC_ROOT_CLASS = YES_ERROR;
				CLANG_WARN_QUOTED_INCLUDE_IN_FRAMEWORK_HEADER = YES;
				CLANG_WARN_RANGE_LOOP_ANALYSIS = YES;
				CLANG_WARN_STRICT_PROTOTYPES = YES;
				CLANG_WARN_SUSPICIOUS_MOVE = YES;
				CLANG_WARN_UNGUARDED_AVAILABILITY = YES_AGGRESSIVE;
				CLANG_WARN_UNREACHABLE_CODE = YES;
				CLANG_WARN__DUPLICATE_METHOD_MATCH = YES;
				COPY_PHASE_STRIP = NO;
				DEBUG_INFORMATION_FORMAT = dwarf;
				ENABLE_STRICT_OBJC_MSGSEND = YES;
				ENABLE_TESTABILITY = YES;
				ENABLE_USER_SCRIPT_SANDBOXING = YES;
				GCC_C_LANGUAGE_STANDARD = gnu17;
				GCC_DYNAMIC_NO_PIC = NO;
				GCC_NO_COMMON_BLOCKS = YES;
				GCC_OPTIMIZATION_LEVEL = 0;
				GCC_PREPROCESSOR_DEFINITIONS = (
					"DEBUG=1",
					"$(inherited)",
				);
				GCC_WARN_64_TO_32_BIT_CONVERSION = YES;
				GCC_WARN_ABOUT_RETURN_TYPE = YES_ERROR;
				GCC_WARN_UNDECLARED_SELECTOR = YES;
				GCC_WARN_UNINITIALIZED_AUTOS = YES_AGGRESSIVE;
				GCC_WARN_UNUSED_FUNCTION = YES;
				GCC_WARN_UNUSED_VARIABLE = YES;
				IPHONEOS_DEPLOYMENT_TARGET = 17.0;
				LOCALIZATION_PREFERS_STRING_CATALOGS = YES;
				MTL_ENABLE_DEBUG_INFO = INCLUDE_SOURCE;
				MTL_FAST_MATH = YES;
				ONLY_ACTIVE_ARCH = YES;
				SDKROOT = iphoneos;
				SWIFT_ACTIVE_COMPILATION_CONDITIONS = "DEBUG $(inherited)";
				SWIFT_OPTIMIZATION_LEVEL = "-Onone";
			};
			name = Debug;
		};
		C0B26B062B09E47A00F3633F /* Release */ = {
			isa = XCBuildConfiguration;
			buildSettings = {
				ALWAYS_SEARCH_USER_PATHS = NO;
				ASSETCATALOG_COMPILER_GENERATE_SWIFT_ASSET_SYMBOL_EXTENSIONS = YES;
				CLANG_ANALYZER_NONNULL = YES;
				CLANG_ANALYZER_NUMBER_OBJECT_CONVERSION = YES_AGGRESSIVE;
				CLANG_CXX_LANGUAGE_STANDARD = "gnu++20";
				CLANG_ENABLE_MODULES = YES;
				CLANG_ENABLE_OBJC_ARC = YES;
				CLANG_ENABLE_OBJC_WEAK = YES;
				CLANG_WARN_BLOCK_CAPTURE_AUTORELEASING = YES;
				CLANG_WARN_BOOL_CONVERSION = YES;
				CLANG_WARN_COMMA = YES;
				CLANG_WARN_CONSTANT_CONVERSION = YES;
				CLANG_WARN_DEPRECATED_OBJC_IMPLEMENTATIONS = YES;
				CLANG_WARN_DIRECT_OBJC_ISA_USAGE = YES_ERROR;
				CLANG_WARN_DOCUMENTATION_COMMENTS = YES;
				CLANG_WARN_EMPTY_BODY = YES;
				CLANG_WARN_ENUM_CONVERSION = YES;
				CLANG_WARN_INFINITE_RECURSION = YES;
				CLANG_WARN_INT_CONVERSION = YES;
				CLANG_WARN_NON_LITERAL_NULL_CONVERSION = YES;
				CLANG_WARN_OBJC_IMPLICIT_RETAIN_SELF = YES;
				CLANG_WARN_OBJC_LITERAL_CONVERSION = YES;
				CLANG_WARN_OBJC_ROOT_CLASS = YES_ERROR;
				CLANG_WARN_QUOTED_INCLUDE_IN_FRAMEWORK_HEADER = YES;
				CLANG_WARN_RANGE_LOOP_ANALYSIS = YES;
				CLANG_WARN_STRICT_PROTOTYPES = YES;
				CLANG_WARN_SUSPICIOUS_MOVE = YES;
				CLANG_WARN_UNGUARDED_AVAILABILITY = YES_AGGRESSIVE;
				CLANG_WARN_UNREACHABLE_CODE = YES;
				CLANG_WARN__DUPLICATE_METHOD_MATCH = YES;
				COPY_PHASE_STRIP = NO;
				DEBUG_INFORMATION_FORMAT = "dwarf-with-dsym";
				ENABLE_NS_ASSERTIONS = NO;
				ENABLE_STRICT_OBJC_MSGSEND = YES;
				ENABLE_USER_SCRIPT_SANDBOXING = YES;
				GCC_C_LANGUAGE_STANDARD = gnu17;
				GCC_NO_COMMON_BLOCKS = YES;
				GCC_WARN_64_TO_32_BIT_CONVERSION = YES;
				GCC_WARN_ABOUT_RETURN_TYPE = YES_ERROR;
				GCC_WARN_UNDECLARED_SELECTOR = YES;
				GCC_WARN_UNINITIALIZED_AUTOS = YES_AGGRESSIVE;
				GCC_WARN_UNUSED_FUNCTION = YES;
				GCC_WARN_UNUSED_VARIABLE = YES;
				IPHONEOS_DEPLOYMENT_TARGET = 17.0;
				LOCALIZATION_PREFERS_STRING_CATALOGS = YES;
				MTL_ENABLE_DEBUG_INFO = NO;
				MTL_FAST_MATH = YES;
				SDKROOT = iphoneos;
				SWIFT_COMPILATION_MODE = wholemodule;
				VALIDATE_PRODUCT = YES;
			};
			name = Release;
		};
		C0B26B082B09E47A00F3633F /* Debug */ = {
			isa = XCBuildConfiguration;
			buildSettings = {
				ASSETCATALOG_COMPILER_APPICON_NAME = AppIcon;
				ASSETCATALOG_COMPILER_GLOBAL_ACCENT_COLOR_NAME = AccentColor;
				CODE_SIGN_STYLE = Automatic;
				CURRENT_PROJECT_VERSION = 1;
				DEVELOPMENT_ASSET_PATHS = "\"CURaise/Preview Content\"";
				DEVELOPMENT_TEAM = P5ST498MF7;
				ENABLE_PREVIEWS = YES;
				GENERATE_INFOPLIST_FILE = YES;
				INFOPLIST_KEY_UIApplicationSceneManifest_Generation = YES;
				INFOPLIST_KEY_UIApplicationSupportsIndirectInputEvents = YES;
				INFOPLIST_KEY_UILaunchScreen_Generation = YES;
				INFOPLIST_KEY_UISupportedInterfaceOrientations_iPad = "UIInterfaceOrientationPortrait UIInterfaceOrientationPortraitUpsideDown UIInterfaceOrientationLandscapeLeft UIInterfaceOrientationLandscapeRight";
				INFOPLIST_KEY_UISupportedInterfaceOrientations_iPhone = "UIInterfaceOrientationPortrait UIInterfaceOrientationLandscapeLeft UIInterfaceOrientationLandscapeRight";
				LD_RUNPATH_SEARCH_PATHS = (
					"$(inherited)",
					"@executable_path/Frameworks",
				);
				MARKETING_VERSION = 1.0;
				PRODUCT_BUNDLE_IDENTIFIER = com.stevenyuser.CURaise;
				PRODUCT_NAME = "$(TARGET_NAME)";
				SWIFT_EMIT_LOC_STRINGS = YES;
				SWIFT_VERSION = 5.0;
				TARGETED_DEVICE_FAMILY = "1,2";
			};
			name = Debug;
		};
		C0B26B092B09E47A00F3633F /* Release */ = {
			isa = XCBuildConfiguration;
			buildSettings = {
				ASSETCATALOG_COMPILER_APPICON_NAME = AppIcon;
				ASSETCATALOG_COMPILER_GLOBAL_ACCENT_COLOR_NAME = AccentColor;
				CODE_SIGN_STYLE = Automatic;
				CURRENT_PROJECT_VERSION = 1;
				DEVELOPMENT_ASSET_PATHS = "\"CURaise/Preview Content\"";
				DEVELOPMENT_TEAM = P5ST498MF7;
				ENABLE_PREVIEWS = YES;
				GENERATE_INFOPLIST_FILE = YES;
				INFOPLIST_KEY_UIApplicationSceneManifest_Generation = YES;
				INFOPLIST_KEY_UIApplicationSupportsIndirectInputEvents = YES;
				INFOPLIST_KEY_UILaunchScreen_Generation = YES;
				INFOPLIST_KEY_UISupportedInterfaceOrientations_iPad = "UIInterfaceOrientationPortrait UIInterfaceOrientationPortraitUpsideDown UIInterfaceOrientationLandscapeLeft UIInterfaceOrientationLandscapeRight";
				INFOPLIST_KEY_UISupportedInterfaceOrientations_iPhone = "UIInterfaceOrientationPortrait UIInterfaceOrientationLandscapeLeft UIInterfaceOrientationLandscapeRight";
				LD_RUNPATH_SEARCH_PATHS = (
					"$(inherited)",
					"@executable_path/Frameworks",
				);
				MARKETING_VERSION = 1.0;
				PRODUCT_BUNDLE_IDENTIFIER = com.stevenyuser.CURaise;
				PRODUCT_NAME = "$(TARGET_NAME)";
				SWIFT_EMIT_LOC_STRINGS = YES;
				SWIFT_VERSION = 5.0;
				TARGETED_DEVICE_FAMILY = "1,2";
			};
			name = Release;
		};
/* End XCBuildConfiguration section */

/* Begin XCConfigurationList section */
		C0B26AF42B09E47A00F3633F /* Build configuration list for PBXProject "CURaise" */ = {
			isa = XCConfigurationList;
			buildConfigurations = (
				C0B26B052B09E47A00F3633F /* Debug */,
				C0B26B062B09E47A00F3633F /* Release */,
			);
			defaultConfigurationIsVisible = 0;
			defaultConfigurationName = Release;
		};
		C0B26B072B09E47A00F3633F /* Build configuration list for PBXNativeTarget "CURaise" */ = {
			isa = XCConfigurationList;
			buildConfigurations = (
				C0B26B082B09E47A00F3633F /* Debug */,
				C0B26B092B09E47A00F3633F /* Release */,
			);
			defaultConfigurationIsVisible = 0;
			defaultConfigurationName = Release;
		};
/* End XCConfigurationList section */

/* Begin XCRemoteSwiftPackageReference section */
		C0B26B0E2B09EA8900F3633F /* XCRemoteSwiftPackageReference "firebase-ios-sdk" */ = {
			isa = XCRemoteSwiftPackageReference;
			repositoryURL = "https://github.com/firebase/firebase-ios-sdk";
			requirement = {
				kind = upToNextMajorVersion;
				minimumVersion = 10.18.0;
			};
		};
		C0B26B432B09EAC700F3633F /* XCRemoteSwiftPackageReference "Alamofire" */ = {
			isa = XCRemoteSwiftPackageReference;
			repositoryURL = "https://github.com/Alamofire/Alamofire";
			requirement = {
				kind = upToNextMajorVersion;
				minimumVersion = 5.8.1;
			};
		};
/* End XCRemoteSwiftPackageReference section */

/* Begin XCSwiftPackageProductDependency section */
		C0B26B0F2B09EA8900F3633F /* FirebaseAnalytics */ = {
			isa = XCSwiftPackageProductDependency;
			package = C0B26B0E2B09EA8900F3633F /* XCRemoteSwiftPackageReference "firebase-ios-sdk" */;
			productName = FirebaseAnalytics;
		};
		C0B26B112B09EA8900F3633F /* FirebaseAnalyticsOnDeviceConversion */ = {
			isa = XCSwiftPackageProductDependency;
			package = C0B26B0E2B09EA8900F3633F /* XCRemoteSwiftPackageReference "firebase-ios-sdk" */;
			productName = FirebaseAnalyticsOnDeviceConversion;
		};
		C0B26B132B09EA8900F3633F /* FirebaseAnalyticsSwift */ = {
			isa = XCSwiftPackageProductDependency;
			package = C0B26B0E2B09EA8900F3633F /* XCRemoteSwiftPackageReference "firebase-ios-sdk" */;
			productName = FirebaseAnalyticsSwift;
		};
		C0B26B152B09EA8900F3633F /* FirebaseAnalyticsWithoutAdIdSupport */ = {
			isa = XCSwiftPackageProductDependency;
			package = C0B26B0E2B09EA8900F3633F /* XCRemoteSwiftPackageReference "firebase-ios-sdk" */;
			productName = FirebaseAnalyticsWithoutAdIdSupport;
		};
		C0B26B172B09EA8900F3633F /* FirebaseAppCheck */ = {
			isa = XCSwiftPackageProductDependency;
			package = C0B26B0E2B09EA8900F3633F /* XCRemoteSwiftPackageReference "firebase-ios-sdk" */;
			productName = FirebaseAppCheck;
		};
		C0B26B192B09EA8900F3633F /* FirebaseAppDistribution-Beta */ = {
			isa = XCSwiftPackageProductDependency;
			package = C0B26B0E2B09EA8900F3633F /* XCRemoteSwiftPackageReference "firebase-ios-sdk" */;
			productName = "FirebaseAppDistribution-Beta";
		};
		C0B26B1B2B09EA8900F3633F /* FirebaseAuth */ = {
			isa = XCSwiftPackageProductDependency;
			package = C0B26B0E2B09EA8900F3633F /* XCRemoteSwiftPackageReference "firebase-ios-sdk" */;
			productName = FirebaseAuth;
		};
		C0B26B1D2B09EA8900F3633F /* FirebaseAuthCombine-Community */ = {
			isa = XCSwiftPackageProductDependency;
			package = C0B26B0E2B09EA8900F3633F /* XCRemoteSwiftPackageReference "firebase-ios-sdk" */;
			productName = "FirebaseAuthCombine-Community";
		};
		C0B26B1F2B09EA8900F3633F /* FirebaseCrashlytics */ = {
			isa = XCSwiftPackageProductDependency;
			package = C0B26B0E2B09EA8900F3633F /* XCRemoteSwiftPackageReference "firebase-ios-sdk" */;
			productName = FirebaseCrashlytics;
		};
		C0B26B212B09EA8900F3633F /* FirebaseDatabase */ = {
			isa = XCSwiftPackageProductDependency;
			package = C0B26B0E2B09EA8900F3633F /* XCRemoteSwiftPackageReference "firebase-ios-sdk" */;
			productName = FirebaseDatabase;
		};
		C0B26B232B09EA8900F3633F /* FirebaseDatabaseSwift */ = {
			isa = XCSwiftPackageProductDependency;
			package = C0B26B0E2B09EA8900F3633F /* XCRemoteSwiftPackageReference "firebase-ios-sdk" */;
			productName = FirebaseDatabaseSwift;
		};
		C0B26B252B09EA8900F3633F /* FirebaseFirestore */ = {
			isa = XCSwiftPackageProductDependency;
			package = C0B26B0E2B09EA8900F3633F /* XCRemoteSwiftPackageReference "firebase-ios-sdk" */;
			productName = FirebaseFirestore;
		};
		C0B26B272B09EA8900F3633F /* FirebaseFirestoreCombine-Community */ = {
			isa = XCSwiftPackageProductDependency;
			package = C0B26B0E2B09EA8900F3633F /* XCRemoteSwiftPackageReference "firebase-ios-sdk" */;
			productName = "FirebaseFirestoreCombine-Community";
		};
		C0B26B292B09EA8900F3633F /* FirebaseFirestoreSwift */ = {
			isa = XCSwiftPackageProductDependency;
			package = C0B26B0E2B09EA8900F3633F /* XCRemoteSwiftPackageReference "firebase-ios-sdk" */;
			productName = FirebaseFirestoreSwift;
		};
		C0B26B2B2B09EA8900F3633F /* FirebaseFunctions */ = {
			isa = XCSwiftPackageProductDependency;
			package = C0B26B0E2B09EA8900F3633F /* XCRemoteSwiftPackageReference "firebase-ios-sdk" */;
			productName = FirebaseFunctions;
		};
		C0B26B2D2B09EA8900F3633F /* FirebaseFunctionsCombine-Community */ = {
			isa = XCSwiftPackageProductDependency;
			package = C0B26B0E2B09EA8900F3633F /* XCRemoteSwiftPackageReference "firebase-ios-sdk" */;
			productName = "FirebaseFunctionsCombine-Community";
		};
		C0B26B2F2B09EA8900F3633F /* FirebaseInAppMessaging-Beta */ = {
			isa = XCSwiftPackageProductDependency;
			package = C0B26B0E2B09EA8900F3633F /* XCRemoteSwiftPackageReference "firebase-ios-sdk" */;
			productName = "FirebaseInAppMessaging-Beta";
		};
		C0B26B312B09EA8900F3633F /* FirebaseInAppMessagingSwift-Beta */ = {
			isa = XCSwiftPackageProductDependency;
			package = C0B26B0E2B09EA8900F3633F /* XCRemoteSwiftPackageReference "firebase-ios-sdk" */;
			productName = "FirebaseInAppMessagingSwift-Beta";
		};
		C0B26B332B09EA8900F3633F /* FirebaseInstallations */ = {
			isa = XCSwiftPackageProductDependency;
			package = C0B26B0E2B09EA8900F3633F /* XCRemoteSwiftPackageReference "firebase-ios-sdk" */;
			productName = FirebaseInstallations;
		};
		C0B26B352B09EA8900F3633F /* FirebaseMLModelDownloader */ = {
			isa = XCSwiftPackageProductDependency;
			package = C0B26B0E2B09EA8900F3633F /* XCRemoteSwiftPackageReference "firebase-ios-sdk" */;
			productName = FirebaseMLModelDownloader;
		};
		C0B26B372B09EA8900F3633F /* FirebaseMessaging */ = {
			isa = XCSwiftPackageProductDependency;
			package = C0B26B0E2B09EA8900F3633F /* XCRemoteSwiftPackageReference "firebase-ios-sdk" */;
			productName = FirebaseMessaging;
		};
		C0B26B392B09EA8900F3633F /* FirebasePerformance */ = {
			isa = XCSwiftPackageProductDependency;
			package = C0B26B0E2B09EA8900F3633F /* XCRemoteSwiftPackageReference "firebase-ios-sdk" */;
			productName = FirebasePerformance;
		};
		C0B26B3B2B09EA8900F3633F /* FirebaseRemoteConfig */ = {
			isa = XCSwiftPackageProductDependency;
			package = C0B26B0E2B09EA8900F3633F /* XCRemoteSwiftPackageReference "firebase-ios-sdk" */;
			productName = FirebaseRemoteConfig;
		};
		C0B26B3D2B09EA8900F3633F /* FirebaseRemoteConfigSwift */ = {
			isa = XCSwiftPackageProductDependency;
			package = C0B26B0E2B09EA8900F3633F /* XCRemoteSwiftPackageReference "firebase-ios-sdk" */;
			productName = FirebaseRemoteConfigSwift;
		};
		C0B26B3F2B09EA8900F3633F /* FirebaseStorage */ = {
			isa = XCSwiftPackageProductDependency;
			package = C0B26B0E2B09EA8900F3633F /* XCRemoteSwiftPackageReference "firebase-ios-sdk" */;
			productName = FirebaseStorage;
		};
		C0B26B412B09EA8900F3633F /* FirebaseStorageCombine-Community */ = {
			isa = XCSwiftPackageProductDependency;
			package = C0B26B0E2B09EA8900F3633F /* XCRemoteSwiftPackageReference "firebase-ios-sdk" */;
			productName = "FirebaseStorageCombine-Community";
		};
		C0B26B442B09EAC700F3633F /* Alamofire */ = {
			isa = XCSwiftPackageProductDependency;
			package = C0B26B432B09EAC700F3633F /* XCRemoteSwiftPackageReference "Alamofire" */;
			productName = Alamofire;
		};
/* End XCSwiftPackageProductDependency section */
	};
	rootObject = C0B26AF12B09E47A00F3633F /* Project object */;
}
